
Microsoft Visual Studio Solution File, Format Version 12.00
# Visual Studio Version 17
VisualStudioVersion = 17.9.34728.123
MinimumVisualStudioVersion = 10.0.40219.1
Project("{FAE04EC0-301F-11D3-BF4B-00C04F79EFBC}") = "backend", "backend\backend.csproj", "{8A43F2F0-82EC-4BEC-A7F2-E7C450B0C97B}"
EndProject
Global
	GlobalSection(SolutionConfigurationPlatforms) = preSolution
		Debug|Any CPU = Debug|Any CPU
		Release|Any CPU = Release|Any CPU
	EndGlobalSection
	GlobalSection(ProjectConfigurationPlatforms) = postSolution
		{8A43F2F0-82EC-4BEC-A7F2-E7C450B0C97B}.Debug|Any CPU.ActiveCfg = Debug|Any CPU
		{8A43F2F0-82EC-4BEC-A7F2-E7C450B0C97B}.Debug|Any CPU.Build.0 = Debug|Any CPU
		{8A43F2F0-82EC-4BEC-A7F2-E7C450B0C97B}.Release|Any CPU.ActiveCfg = Release|Any CPU
		{8A43F2F0-82EC-4BEC-A7F2-E7C450B0C97B}.Release|Any CPU.Build.0 = Release|Any CPU
	EndGlobalSection
	GlobalSection(SolutionProperties) = preSolution
		HideSolutionNode = FALSE
	EndGlobalSection
	GlobalSection(ExtensibilityGlobals) = postSolution
		SolutionGuid = {254A9C5F-79A9-4C54-B2C0-DED8A1FE3D87}
	EndGlobalSection
EndGlobal
